
Microsoft Visual Studio Solution File, Format Version 12.00
# Visual Studio 15
VisualStudioVersion = 15.0.26124.0
MinimumVisualStudioVersion = 15.0.26124.0
Project("{FAE04EC0-301F-11D3-BF4B-00C04F79EFBC}") = "InstallerCreator", "InstallerCreator\InstallerCreator.csproj", "{A438D7F9-6841-436B-A512-E74F18D3B30A}"
EndProject
Project("{FAE04EC0-301F-11D3-BF4B-00C04F79EFBC}") = "AceCore", "AceCore\AceCore.csproj", "{FD1DC331-C22C-413B-B61F-DE69C7F97081}"
EndProject
Project("{FAE04EC0-301F-11D3-BF4B-00C04F79EFBC}") = "PackCreator", "PackCreator\PackCreator.csproj", "{DEA503DD-8F5C-4FE9-B1EA-3C75CA9E6403}"
EndProject
Project("{FAE04EC0-301F-11D3-BF4B-00C04F79EFBC}") = "AceCore.Tests", "AceCore.Tests\AceCore.Tests.csproj", "{9E137060-364C-45B4-93F4-03F43195EDEA}"
EndProject
Project("{FAE04EC0-301F-11D3-BF4B-00C04F79EFBC}") = "AceCore.Assets", "AceCore.Assets\AceCore.Assets.csproj", "{24C30DA0-EADC-4E60-9C28-24709ED70DE7}"
EndProject
Global
	GlobalSection(SolutionConfigurationPlatforms) = preSolution
		Debug|Any CPU = Debug|Any CPU
		Debug|x64 = Debug|x64
		Debug|x86 = Debug|x86
		Release|Any CPU = Release|Any CPU
		Release|x64 = Release|x64
		Release|x86 = Release|x86
	EndGlobalSection
	GlobalSection(SolutionProperties) = preSolution
		HideSolutionNode = FALSE
	EndGlobalSection
	GlobalSection(ProjectConfigurationPlatforms) = postSolution
		{A438D7F9-6841-436B-A512-E74F18D3B30A}.Debug|Any CPU.ActiveCfg = Debug|Any CPU
		{A438D7F9-6841-436B-A512-E74F18D3B30A}.Debug|Any CPU.Build.0 = Debug|Any CPU
		{A438D7F9-6841-436B-A512-E74F18D3B30A}.Debug|x64.ActiveCfg = Debug|Any CPU
		{A438D7F9-6841-436B-A512-E74F18D3B30A}.Debug|x64.Build.0 = Debug|Any CPU
		{A438D7F9-6841-436B-A512-E74F18D3B30A}.Debug|x86.ActiveCfg = Debug|Any CPU
		{A438D7F9-6841-436B-A512-E74F18D3B30A}.Debug|x86.Build.0 = Debug|Any CPU
		{A438D7F9-6841-436B-A512-E74F18D3B30A}.Release|Any CPU.ActiveCfg = Release|Any CPU
		{A438D7F9-6841-436B-A512-E74F18D3B30A}.Release|Any CPU.Build.0 = Release|Any CPU
		{A438D7F9-6841-436B-A512-E74F18D3B30A}.Release|x64.ActiveCfg = Release|Any CPU
		{A438D7F9-6841-436B-A512-E74F18D3B30A}.Release|x64.Build.0 = Release|Any CPU
		{A438D7F9-6841-436B-A512-E74F18D3B30A}.Release|x86.ActiveCfg = Release|Any CPU
		{A438D7F9-6841-436B-A512-E74F18D3B30A}.Release|x86.Build.0 = Release|Any CPU
		{FD1DC331-C22C-413B-B61F-DE69C7F97081}.Debug|Any CPU.ActiveCfg = Debug|Any CPU
		{FD1DC331-C22C-413B-B61F-DE69C7F97081}.Debug|Any CPU.Build.0 = Debug|Any CPU
		{FD1DC331-C22C-413B-B61F-DE69C7F97081}.Debug|x64.ActiveCfg = Debug|Any CPU
		{FD1DC331-C22C-413B-B61F-DE69C7F97081}.Debug|x64.Build.0 = Debug|Any CPU
		{FD1DC331-C22C-413B-B61F-DE69C7F97081}.Debug|x86.ActiveCfg = Debug|Any CPU
		{FD1DC331-C22C-413B-B61F-DE69C7F97081}.Debug|x86.Build.0 = Debug|Any CPU
		{FD1DC331-C22C-413B-B61F-DE69C7F97081}.Release|Any CPU.ActiveCfg = Release|Any CPU
		{FD1DC331-C22C-413B-B61F-DE69C7F97081}.Release|Any CPU.Build.0 = Release|Any CPU
		{FD1DC331-C22C-413B-B61F-DE69C7F97081}.Release|x64.ActiveCfg = Release|Any CPU
		{FD1DC331-C22C-413B-B61F-DE69C7F97081}.Release|x64.Build.0 = Release|Any CPU
		{FD1DC331-C22C-413B-B61F-DE69C7F97081}.Release|x86.ActiveCfg = Release|Any CPU
		{FD1DC331-C22C-413B-B61F-DE69C7F97081}.Release|x86.Build.0 = Release|Any CPU
		{DEA503DD-8F5C-4FE9-B1EA-3C75CA9E6403}.Debug|Any CPU.ActiveCfg = Debug|Any CPU
		{DEA503DD-8F5C-4FE9-B1EA-3C75CA9E6403}.Debug|Any CPU.Build.0 = Debug|Any CPU
		{DEA503DD-8F5C-4FE9-B1EA-3C75CA9E6403}.Debug|x64.ActiveCfg = Debug|Any CPU
		{DEA503DD-8F5C-4FE9-B1EA-3C75CA9E6403}.Debug|x64.Build.0 = Debug|Any CPU
		{DEA503DD-8F5C-4FE9-B1EA-3C75CA9E6403}.Debug|x86.ActiveCfg = Debug|Any CPU
		{DEA503DD-8F5C-4FE9-B1EA-3C75CA9E6403}.Debug|x86.Build.0 = Debug|Any CPU
		{DEA503DD-8F5C-4FE9-B1EA-3C75CA9E6403}.Release|Any CPU.ActiveCfg = Release|Any CPU
		{DEA503DD-8F5C-4FE9-B1EA-3C75CA9E6403}.Release|Any CPU.Build.0 = Release|Any CPU
		{DEA503DD-8F5C-4FE9-B1EA-3C75CA9E6403}.Release|x64.ActiveCfg = Release|Any CPU
		{DEA503DD-8F5C-4FE9-B1EA-3C75CA9E6403}.Release|x64.Build.0 = Release|Any CPU
		{DEA503DD-8F5C-4FE9-B1EA-3C75CA9E6403}.Release|x86.ActiveCfg = Release|Any CPU
		{DEA503DD-8F5C-4FE9-B1EA-3C75CA9E6403}.Release|x86.Build.0 = Release|Any CPU
		{9E137060-364C-45B4-93F4-03F43195EDEA}.Debug|Any CPU.ActiveCfg = Debug|Any CPU
		{9E137060-364C-45B4-93F4-03F43195EDEA}.Debug|Any CPU.Build.0 = Debug|Any CPU
		{9E137060-364C-45B4-93F4-03F43195EDEA}.Debug|x64.ActiveCfg = Debug|Any CPU
		{9E137060-364C-45B4-93F4-03F43195EDEA}.Debug|x64.Build.0 = Debug|Any CPU
		{9E137060-364C-45B4-93F4-03F43195EDEA}.Debug|x86.ActiveCfg = Debug|Any CPU
		{9E137060-364C-45B4-93F4-03F43195EDEA}.Debug|x86.Build.0 = Debug|Any CPU
		{9E137060-364C-45B4-93F4-03F43195EDEA}.Release|Any CPU.ActiveCfg = Release|Any CPU
		{9E137060-364C-45B4-93F4-03F43195EDEA}.Release|Any CPU.Build.0 = Release|Any CPU
		{9E137060-364C-45B4-93F4-03F43195EDEA}.Release|x64.ActiveCfg = Release|Any CPU
		{9E137060-364C-45B4-93F4-03F43195EDEA}.Release|x64.Build.0 = Release|Any CPU
		{9E137060-364C-45B4-93F4-03F43195EDEA}.Release|x86.ActiveCfg = Release|Any CPU
		{9E137060-364C-45B4-93F4-03F43195EDEA}.Release|x86.Build.0 = Release|Any CPU
		{24C30DA0-EADC-4E60-9C28-24709ED70DE7}.Debug|Any CPU.ActiveCfg = Debug|Any CPU
		{24C30DA0-EADC-4E60-9C28-24709ED70DE7}.Debug|Any CPU.Build.0 = Debug|Any CPU
		{24C30DA0-EADC-4E60-9C28-24709ED70DE7}.Debug|x64.ActiveCfg = Debug|Any CPU
		{24C30DA0-EADC-4E60-9C28-24709ED70DE7}.Debug|x64.Build.0 = Debug|Any CPU
		{24C30DA0-EADC-4E60-9C28-24709ED70DE7}.Debug|x86.ActiveCfg = Debug|Any CPU
		{24C30DA0-EADC-4E60-9C28-24709ED70DE7}.Debug|x86.Build.0 = Debug|Any CPU
		{24C30DA0-EADC-4E60-9C28-24709ED70DE7}.Release|Any CPU.ActiveCfg = Release|Any CPU
		{24C30DA0-EADC-4E60-9C28-24709ED70DE7}.Release|Any CPU.Build.0 = Release|Any CPU
		{24C30DA0-EADC-4E60-9C28-24709ED70DE7}.Release|x64.ActiveCfg = Release|Any CPU
		{24C30DA0-EADC-4E60-9C28-24709ED70DE7}.Release|x64.Build.0 = Release|Any CPU
		{24C30DA0-EADC-4E60-9C28-24709ED70DE7}.Release|x86.ActiveCfg = Release|Any CPU
		{24C30DA0-EADC-4E60-9C28-24709ED70DE7}.Release|x86.Build.0 = Release|Any CPU
	EndGlobalSection
EndGlobal
